# This file is automatically @generated by Cargo.
# It is not intended for manual editing.
version = 3

[[package]]
name = "autocfg"
version = "1.1.0"
source = "registry+https://github.com/rust-lang/crates.io-index"
checksum = "d468802bab17cbc0cc575e9b053f41e72aa36bfa6b7f55e3529ffa43161b97fa"

[[package]]
name = "bitflags"
version = "2.4.2"
source = "registry+https://github.com/rust-lang/crates.io-index"
checksum = "ed570934406eb16438a4e976b1b4500774099c13b8cb96eec99f620f05090ddf"

[[package]]
name = "buddy_system_allocator"
version = "0.9.1"
source = "registry+https://github.com/rust-lang/crates.io-index"
checksum = "d44d578cadd17312c75e7d0ef489361f160ace58f7139aa32001fee1a51b89b5"
dependencies = [
 "spin",
]

[[package]]
name = "critical-section"
version = "1.1.2"
source = "registry+https://github.com/rust-lang/crates.io-index"
checksum = "7059fff8937831a9ae6f0fe4d658ffabf58f2ca96aa9dec1c889f936f705f216"

[[package]]
name = "embedded-hal"
version = "1.0.0"
source = "registry+https://github.com/rust-lang/crates.io-index"
checksum = "361a90feb7004eca4019fb28352a9465666b24f840f5c3cddf0ff13920590b89"

[[package]]
name = "endian-type-rs"
version = "0.1.4"
source = "registry+https://github.com/rust-lang/crates.io-index"
checksum = "b6419a5c75e40011b9fe0174db3fe24006ab122fbe1b7e9cc5974b338a755c76"

[[package]]
name = "fallible-iterator"
version = "0.2.0"
source = "registry+https://github.com/rust-lang/crates.io-index"
checksum = "4443176a9f2c162692bd3d352d745ef9413eec5782a80d8fd6f8a1ac692a07f7"

[[package]]
name = "fdt-rs"
version = "0.4.3"
source = "registry+https://github.com/rust-lang/crates.io-index"
checksum = "99a40cabc11c8258822a593f5c51f2d9f4923e715ca9e2a0630cf77ae15f390b"
dependencies = [
 "endian-type-rs",
 "fallible-iterator",
 "memoffset",
 "num-derive",
 "num-traits",
 "rustc_version",
 "static_assertions",
 "unsafe_unwrap",
]

[[package]]
name = "kernel"
version = "0.1.0"
dependencies = [
 "buddy_system_allocator",
 "critical-section",
 "fdt-rs",
 "linear-allocator",
 "pasts",
 "portable-atomic",
 "riscv",
 "riscv-rt",
 "sbi",
 "simple-shell",
 "spin",
]

[[package]]
name = "linear-allocator"
version = "0.1.0"

[[package]]
name = "lock_api"
version = "0.4.11"
source = "registry+https://github.com/rust-lang/crates.io-index"
checksum = "3c168f8615b12bc01f9c17e2eb0cc07dcae1940121185446edc3744920e8ef45"
dependencies = [
 "autocfg",
 "scopeguard",
]

[[package]]
name = "memoffset"
version = "0.5.6"
source = "registry+https://github.com/rust-lang/crates.io-index"
checksum = "043175f069eda7b85febe4a74abbaeff828d9f8b448515d3151a14a3542811aa"
dependencies = [
 "autocfg",
]

[[package]]
name = "num-derive"
version = "0.3.3"
source = "registry+https://github.com/rust-lang/crates.io-index"
checksum = "876a53fff98e03a936a674b29568b0e605f06b29372c2489ff4de23f1949743d"
dependencies = [
 "proc-macro2",
 "quote",
 "syn",
]

[[package]]
name = "num-traits"
version = "0.2.18"
source = "registry+https://github.com/rust-lang/crates.io-index"
checksum = "da0df0e5185db44f69b44f26786fe401b6c293d1907744beaa7fa62b2e5a517a"
dependencies = [
 "autocfg",
]

[[package]]
name = "pasts"
version = "0.14.3"
source = "registry+https://github.com/rust-lang/crates.io-index"
checksum = "efcd36303871fb977a47dabc9af736c75c492bb32a92fa26262b2741531e97ce"

[[package]]
name = "portable-atomic"
version = "1.6.0"
source = "registry+https://github.com/rust-lang/crates.io-index"
checksum = "7170ef9988bc169ba16dd36a7fa041e5c4cbeb6a35b76d4c03daded371eae7c0"
dependencies = [
 "critical-section",
]

[[package]]
name = "proc-macro2"
version = "1.0.78"
source = "registry+https://github.com/rust-lang/crates.io-index"
checksum = "e2422ad645d89c99f8f3e6b88a9fdeca7fabeac836b1002371c4367c8f984aae"
dependencies = [
 "unicode-ident",
]

[[package]]
name = "quote"
version = "1.0.35"
source = "registry+https://github.com/rust-lang/crates.io-index"
checksum = "291ec9ab5efd934aaf503a6466c5d5251535d108ee747472c3977cc5acc868ef"
dependencies = [
 "proc-macro2",
]

[[package]]
name = "riscv"
version = "0.11.0"
source = "registry+https://github.com/rust-lang/crates.io-index"
checksum = "575e01d1b3282801143c2a09e5ddddb0be7fc9bec2f1d624b789c9e9559a0023"
dependencies = [
 "critical-section",
 "embedded-hal",
]

[[package]]
name = "riscv-mem"
version = "0.1.0"
dependencies = [
 "bitflags",
 "riscv",
]

[[package]]
name = "riscv-rt"
version = "0.12.1"
source = "registry+https://github.com/rust-lang/crates.io-index"
checksum = "5194d66aa0c400bfdda5d11cfe9de4f611fee9884fa49edbece3def499a81383"
dependencies = [
 "riscv",
 "riscv-rt-macros",
]

[[package]]
name = "riscv-rt-macros"
version = "0.2.1"
source = "registry+https://github.com/rust-lang/crates.io-index"
checksum = "a8d100d466dbb76681ef6a9386f3da9abc570d57394e86da0ba5af8c4408486d"
dependencies = [
 "proc-macro2",
 "quote",
 "syn",
]

[[package]]
name = "rustc_version"
version = "0.2.3"
source = "registry+https://github.com/rust-lang/crates.io-index"
checksum = "138e3e0acb6c9fb258b19b67cb8abd63c00679d2851805ea151465464fe9030a"
dependencies = [
 "semver",
]

[[package]]
name = "sbi"
version = "0.2.0"
source = "registry+https://github.com/rust-lang/crates.io-index"
checksum = "29cb0870400aca7e4487e8ec1e93f9d4288da763cb1da2cedc5102e62b6522ad"

[[package]]
name = "scopeguard"
version = "1.2.0"
source = "registry+https://github.com/rust-lang/crates.io-index"
checksum = "94143f37725109f92c262ed2cf5e59bce7498c01bcc1502d7b9afe439a4e9f49"

[[package]]
name = "semver"
version = "0.9.0"
source = "registry+https://github.com/rust-lang/crates.io-index"
checksum = "1d7eb9ef2c18661902cc47e535f9bc51b78acd254da71d375c2f6720d9a40403"
dependencies = [
 "semver-parser",
]

[[package]]
name = "semver-parser"
version = "0.7.0"
source = "registry+https://github.com/rust-lang/crates.io-index"
checksum = "388a1df253eca08550bef6c72392cfe7c30914bf41df5269b68cbd6ff8f570a3"

[[package]]
name = "simple-shell"
version = "0.0.1"

[[package]]
name = "spin"
version = "0.9.8"
source = "registry+https://github.com/rust-lang/crates.io-index"
checksum = "6980e8d7511241f8acf4aebddbb1ff938df5eebe98691418c4468d0b72a96a67"
dependencies = [
 "lock_api",
 "portable-atomic",
]

[[package]]
name = "static_assertions"
version = "1.1.0"
source = "registry+https://github.com/rust-lang/crates.io-index"
checksum = "a2eb9349b6444b326872e140eb1cf5e7c522154d69e7a0ffb0fb81c06b37543f"

[[package]]
name = "syn"
version = "1.0.109"
source = "registry+https://github.com/rust-lang/crates.io-index"
checksum = "72b64191b275b66ffe2469e8af2c1cfe3bafa67b529ead792a6d0160888b4237"
dependencies = [
 "proc-macro2",
 "quote",
 "unicode-ident",
]

[[package]]
name = "unicode-ident"
version = "1.0.12"
source = "registry+https://github.com/rust-lang/crates.io-index"
checksum = "3354b9ac3fae1ff6755cb6db53683adb661634f67557942dea4facebec0fee4b"

[[package]]
name = "unsafe_unwrap"
version = "0.1.0"
source = "registry+https://github.com/rust-lang/crates.io-index"
checksum = "1230ec65f13e0f9b28d789da20d2d419511893ea9dac2c1f4ef67b8b14e5da80"
